# THIS IS AN AUTOGENERATED FILE. DO NOT EDIT THIS FILE DIRECTLY.
# yarn lockfile v1


"@types/tinycolor2@^1.4.0":
  version "1.4.3"
  resolved "https://rg.cnpmjs.org/@types/tinycolor2/download/@types/tinycolor2-1.4.3.tgz"
  integrity sha1-7UoJAflUsSbmqRS0g5x3Ri1W5wY=

ansi-escapes@^4.2.1:
  version "4.3.2"
  resolved "https://rg.cnpmjs.org/ansi-escapes/download/ansi-escapes-4.3.2.tgz"
  integrity sha1-ayKR0dt9mLZSHV8e+kLQ86n+tl4=
  dependencies:
    type-fest "^0.21.3"

ansi-regex@^5.0.1:
  version "5.0.1"
  resolved "https://r.cnpmjs.org/ansi-regex/download/ansi-regex-5.0.1.tgz"
  integrity sha1-CCyyyJyf6GWaMRpTvWpNxTAdswQ=

ansi-styles@^3.2.1:
  version "3.2.1"
  resolved "https://r.cnpmjs.org/ansi-styles/download/ansi-styles-3.2.1.tgz"
  integrity sha1-QfuyAkPlCxK+DwS43tvwdSDOhB0=
  dependencies:
    color-convert "^1.9.0"

ansi-styles@^4.1.0:
  version "4.3.0"
  resolved "https://r.cnpmjs.org/ansi-styles/download/ansi-styles-4.3.0.tgz"
  integrity sha1-7dgDYornHATIWuegkG7a00tkiTc=
  dependencies:
    color-convert "^2.0.1"

array-find-index@^1.0.1:
  version "1.0.2"
  resolved "https://rg.cnpmjs.org/array-find-index/download/array-find-index-1.0.2.tgz"
  integrity sha1-3wEKoSh+Fku9pvlyOwqWoexBh6E=

arrify@^1.0.1:
  version "1.0.1"
  resolved "https://rg.cnpmjs.org/arrify/download/arrify-1.0.1.tgz"
  integrity sha1-iYUI2iIm84DfkEcoRWhJwVAaSw0=

axios@^0.24.0:
  version "0.24.0"
  resolved "https://rg.cnpmjs.org/axios/download/axios-0.24.0.tgz#804e6fa1e4b9c5288501dd9dff56a7a0940d20d6"
  integrity sha1-gE5voeS5xSiFAd2d/1anoJQNINY=
  dependencies:
    follow-redirects "^1.14.4"

base64-js@^1.3.1:
  version "1.5.1"
  resolved "https://rg.cnpmjs.org/base64-js/download/base64-js-1.5.1.tgz"
  integrity sha1-GxtEAWClv3rUC2UPCVljSBkDkwo=

bl@^4.1.0:
  version "4.1.0"
  resolved "https://rg.cnpmjs.org/bl/download/bl-4.1.0.tgz"
  integrity sha1-RRU1JkGCvsL7vIOmKrmM8R2fezo=
  dependencies:
    buffer "^5.5.0"
    inherits "^2.0.4"
    readable-stream "^3.4.0"

buffer@^5.5.0:
  version "5.7.1"
  resolved "https://rg.cnpmjs.org/buffer/download/buffer-5.7.1.tgz"
  integrity sha1-umLnwTEzBTWCGXFghRqPZI6Z7tA=
  dependencies:
    base64-js "^1.3.1"
    ieee754 "^1.1.13"

camelcase-keys@^4.0.0:
  version "4.2.0"
  resolved "https://rg.cnpmjs.org/camelcase-keys/download/camelcase-keys-4.2.0.tgz"
  integrity sha1-oqpfsa9oh1glnDLBQUJteJI7m3c=
  dependencies:
    camelcase "^4.1.0"
    map-obj "^2.0.0"
    quick-lru "^1.0.0"

camelcase@^4.1.0:
  version "4.1.0"
  resolved "https://rg.cnpmjs.org/camelcase/download/camelcase-4.1.0.tgz"
  integrity sha1-1UVjW+HjPFQmScaRc+Xeas+uNN0=

chalk@^2.3.2, chalk@^2.4.1, chalk@^2.4.2:
  version "2.4.2"
  resolved "https://r.cnpmjs.org/chalk/download/chalk-2.4.2.tgz"
  integrity sha1-zUJUFnelQzPPVBpJEIwUMrRMlCQ=
  dependencies:
    ansi-styles "^3.2.1"
    escape-string-regexp "^1.0.5"
    supports-color "^5.3.0"

chalk@^4.1.0, chalk@^4.1.1:
  version "4.1.2"
  resolved "https://r.cnpmjs.org/chalk/download/chalk-4.1.2.tgz"
  integrity sha1-qsTit3NKdAhnrrFr8CqtVWoeegE=
  dependencies:
    ansi-styles "^4.1.0"
    supports-color "^7.1.0"

chalkercli@^1.6.4:
  version "1.6.4"
  resolved "https://rg.cnpmjs.org/chalkercli/download/chalkercli-1.6.4.tgz"
  integrity sha1-r67vTZYWjZ9JCSnq05Yy41ShuVk=
  dependencies:
    chalk "^2.3.2"
    gradient-string "^1.1.0"
    meow "^4.0.0"

chardet@^0.7.0:
  version "0.7.0"
  resolved "https://rg.cnpmjs.org/chardet/download/chardet-0.7.0.tgz"
  integrity sha1-kAlISfCTfy7twkJdDSip5fDLrZ4=

cli-cursor@^3.1.0:
  version "3.1.0"
  resolved "https://rg.cnpmjs.org/cli-cursor/download/cli-cursor-3.1.0.tgz"
  integrity sha1-JkMFp65JDR0Dvwybp8kl0XU68wc=
  dependencies:
    restore-cursor "^3.1.0"

cli-spinners@^2.5.0:
  version "2.6.1"
  resolved "https://rg.cnpmjs.org/cli-spinners/download/cli-spinners-2.6.1.tgz"
  integrity sha1-rclU6+KBw3pjGb+kAebdJIj/tw0=

cli-width@^3.0.0:
  version "3.0.0"
  resolved "https://rg.cnpmjs.org/cli-width/download/cli-width-3.0.0.tgz"
  integrity sha1-ovSEN6LKqaIkNueUvwceyeYc7fY=

clone@^1.0.2:
  version "1.0.4"
  resolved "https://rg.cnpmjs.org/clone/download/clone-1.0.4.tgz"
  integrity sha1-2jCcwmPfFZlMaIypAheco8fNfH4=

color-convert@^1.9.0:
  version "1.9.3"
  resolved "https://r.cnpmjs.org/color-convert/download/color-convert-1.9.3.tgz"
  integrity sha1-u3GFBpDh8TZWfeYp0tVHHe2kweg=
  dependencies:
    color-name "1.1.3"

color-convert@^2.0.1:
  version "2.0.1"
  resolved "https://r.cnpmjs.org/color-convert/download/color-convert-2.0.1.tgz"
  integrity sha1-ctOmjVmMm9s68q0ehPIdiWq9TeM=
  dependencies:
    color-name "~1.1.4"

color-name@1.1.3:
  version "1.1.3"
  resolved "https://r.cnpmjs.org/color-name/download/color-name-1.1.3.tgz"
  integrity sha1-p9BVi9icQveV3UIyj3QIMcpTvCU=

color-name@~1.1.4:
  version "1.1.4"
  resolved "https://r.cnpmjs.org/color-name/download/color-name-1.1.4.tgz"
  integrity sha1-wqCah6y95pVD3m9j+jmVyCbFNqI=

commander@^8.3.0:
  version "8.3.0"
  resolved "https://rg.cnpmjs.org/commander/download/commander-8.3.0.tgz"
  integrity sha1-SDfqGy2me5xhamevuw+v7lZ7ymY=

currently-unhandled@^0.4.1:
  version "0.4.1"
  resolved "https://rg.cnpmjs.org/currently-unhandled/download/currently-unhandled-0.4.1.tgz"
  integrity sha1-mI3zP+qxke95mmE2nddsF635V+o=
  dependencies:
    array-find-index "^1.0.1"

decamelize-keys@^1.0.0:
  version "1.1.0"
  resolved "https://rg.cnpmjs.org/decamelize-keys/download/decamelize-keys-1.1.0.tgz"
  integrity sha1-0XGoeTMlKAfrPLYdwcFEXQeN8tk=
  dependencies:
    decamelize "^1.1.0"
    map-obj "^1.0.0"

decamelize@^1.1.0:
  version "1.2.0"
  resolved "https://rg.cnpmjs.org/decamelize/download/decamelize-1.2.0.tgz"
  integrity sha1-9lNNFRSCabIDUue+4m9QH5oZEpA=

defaults@^1.0.3:
  version "1.0.3"
  resolved "https://rg.cnpmjs.org/defaults/download/defaults-1.0.3.tgz"
  integrity sha1-xlYFHpgX2f8I7YgUd/P+QBnz730=
  dependencies:
    clone "^1.0.2"

emoji-regex@^8.0.0:
  version "8.0.0"
  resolved "https://r.cnpmjs.org/emoji-regex/download/emoji-regex-8.0.0.tgz"
  integrity sha1-6Bj9ac5cz8tARZT4QpY79TFkzDc=

error-ex@^1.3.1:
  version "1.3.2"
  resolved "https://rg.cnpmjs.org/error-ex/download/error-ex-1.3.2.tgz"
  integrity sha1-tKxAZIEH/c3PriQvQovqihTU8b8=
  dependencies:
    is-arrayish "^0.2.1"

escape-string-regexp@^1.0.5:
  version "1.0.5"
  resolved "https://r.cnpmjs.org/escape-string-regexp/download/escape-string-regexp-1.0.5.tgz"
  integrity sha1-G2HAViGQqN/2rjuyzwIAyhMLhtQ=

external-editor@^3.0.3:
  version "3.1.0"
  resolved "https://rg.cnpmjs.org/external-editor/download/external-editor-3.1.0.tgz"
  integrity sha1-ywP3QL764D6k0oPK7SdBqD8zVJU=
  dependencies:
    chardet "^0.7.0"
    iconv-lite "^0.4.24"
    tmp "^0.0.33"

figures@^3.0.0:
  version "3.2.0"
  resolved "https://rg.cnpmjs.org/figures/download/figures-3.2.0.tgz"
  integrity sha1-YlwYvSk8YE3EqN2y/r8MiDQXRq8=
  dependencies:
    escape-string-regexp "^1.0.5"

find-up@^2.0.0:
  version "2.1.0"
  resolved "https://rg.cnpmjs.org/find-up/download/find-up-2.1.0.tgz"
  integrity sha1-RdG35QbHF93UgndaK3eSCjwMV6c=
  dependencies:
    locate-path "^2.0.0"

follow-redirects@^1.14.4:
  version "1.14.6"
  resolved "https://rg.cnpmjs.org/follow-redirects/download/follow-redirects-1.14.6.tgz#8cfb281bbc035b3c067d6cd975b0f6ade6e855cd"
  integrity sha512-fhUl5EwSJbbl8AR+uYL2KQDxLkdSjZGR36xy46AO7cOMTrCMON6Sa28FmAnC2tRTDbd/Uuzz3aJBv7EBN7JH8A==

fs-extra@^10.0.0:
  version "10.0.0"
  resolved "https://r.cnpmjs.org/fs-extra/download/fs-extra-10.0.0.tgz"
  integrity sha1-n/YbZV3eU/s0qC34S7IUzoAuF8E=
  dependencies:
    graceful-fs "^4.2.0"
    jsonfile "^6.0.1"
    universalify "^2.0.0"

function-bind@^1.1.1:
  version "1.1.1"
  resolved "https://rg.cnpmjs.org/function-bind/download/function-bind-1.1.1.tgz"
  integrity sha1-pWiZ0+o8m6uHS7l3O3xe3pL0iV0=

graceful-fs@^4.1.2, graceful-fs@^4.1.6, graceful-fs@^4.2.0:
  version "4.2.8"
  resolved "https://r.cnpmjs.org/graceful-fs/download/graceful-fs-4.2.8.tgz"
  integrity sha1-5BK40z9eAGWTy9PO5t+fLOu+gCo=

gradient-string@^1.1.0:
  version "1.2.0"
  resolved "https://rg.cnpmjs.org/gradient-string/download/gradient-string-1.2.0.tgz"
  integrity sha1-k/OfLHyNywlWCMLM8KrCSqMV+6w=
  dependencies:
    chalk "^2.4.1"
    tinygradient "^0.4.1"

has-flag@^3.0.0:
  version "3.0.0"
  resolved "https://r.cnpmjs.org/has-flag/download/has-flag-3.0.0.tgz"
  integrity sha1-tdRU3CGZriJWmfNGfloH87lVuv0=

has-flag@^4.0.0:
  version "4.0.0"
  resolved "https://r.cnpmjs.org/has-flag/download/has-flag-4.0.0.tgz"
  integrity sha1-lEdx/ZyByBJlxNaUGGDaBrtZR5s=

has@^1.0.3:
  version "1.0.3"
  resolved "https://rg.cnpmjs.org/has/download/has-1.0.3.tgz"
  integrity sha1-ci18v8H2qoJB8W3YFOAR4fQeh5Y=
  dependencies:
    function-bind "^1.1.1"

hosted-git-info@^2.1.4:
  version "2.8.9"
  resolved "https://rg.cnpmjs.org/hosted-git-info/download/hosted-git-info-2.8.9.tgz"
  integrity sha1-3/wL+aIcAiCQkPKqaUKeFBTa8/k=

iconv-lite@^0.4.24:
  version "0.4.24"
  resolved "https://rg.cnpmjs.org/iconv-lite/download/iconv-lite-0.4.24.tgz"
  integrity sha1-ICK0sl+93CHS9SSXSkdKr+czkIs=
  dependencies:
    safer-buffer ">= 2.1.2 < 3"

ieee754@^1.1.13:
  version "1.2.1"
  resolved "https://rg.cnpmjs.org/ieee754/download/ieee754-1.2.1.tgz"
  integrity sha1-jrehCmP/8l0VpXsAFYbRd9Gw01I=

indent-string@^3.0.0:
  version "3.2.0"
  resolved "https://rg.cnpmjs.org/indent-string/download/indent-string-3.2.0.tgz"
  integrity sha1-Sl/W0nzDMvN+VBmlBNu4NxBckok=

inherits@^2.0.3, inherits@^2.0.4:
  version "2.0.4"
  resolved "https://r.cnpmjs.org/inherits/download/inherits-2.0.4.tgz"
  integrity sha1-D6LGT5MpF8NDOg3tVTY6rjdBa3w=

inquirer@^8.2.0:
  version "8.2.0"
  resolved "https://rg.cnpmjs.org/inquirer/download/inquirer-8.2.0.tgz"
  integrity sha1-9E8AjdNEu/xLMAMfRdmE4DSjrDo=
  dependencies:
    ansi-escapes "^4.2.1"
    chalk "^4.1.1"
    cli-cursor "^3.1.0"
    cli-width "^3.0.0"
    external-editor "^3.0.3"
    figures "^3.0.0"
    lodash "^4.17.21"
    mute-stream "0.0.8"
    ora "^5.4.1"
    run-async "^2.4.0"
    rxjs "^7.2.0"
    string-width "^4.1.0"
    strip-ansi "^6.0.0"
    through "^2.3.6"

is-arrayish@^0.2.1:
  version "0.2.1"
  resolved "https://rg.cnpmjs.org/is-arrayish/download/is-arrayish-0.2.1.tgz"
  integrity sha1-d8mYQFJ6qOyxqLppe4BkWnqSap0=

is-core-module@^2.2.0:
  version "2.8.0"
  resolved "https://rg.cnpmjs.org/is-core-module/download/is-core-module-2.8.0.tgz"
  integrity sha1-AyEzbD0JJeSX/Zf12VyxFKXM1Ug=
  dependencies:
    has "^1.0.3"

is-fullwidth-code-point@^3.0.0:
  version "3.0.0"
  resolved "https://r.cnpmjs.org/is-fullwidth-code-point/download/is-fullwidth-code-point-3.0.0.tgz"
  integrity sha1-8Rb4Bk/pCz94RKOJl8C3UFEmnx0=

is-interactive@^1.0.0:
  version "1.0.0"
  resolved "https://rg.cnpmjs.org/is-interactive/download/is-interactive-1.0.0.tgz"
  integrity sha1-zqbmrlyHCnsKAAQHC3tYfgJSkS4=

is-plain-obj@^1.1.0:
  version "1.1.0"
  resolved "https://rg.cnpmjs.org/is-plain-obj/download/is-plain-obj-1.1.0.tgz"
  integrity sha1-caUMhCnfync8kqOQpKA7OfzVHT4=

is-unicode-supported@^0.1.0:
  version "0.1.0"
  resolved "https://rg.cnpmjs.org/is-unicode-supported/download/is-unicode-supported-0.1.0.tgz"
  integrity sha1-PybHaoCVk7Ur+i7LVxDtJ3m1Iqc=

json-parse-better-errors@^1.0.1:
  version "1.0.2"
  resolved "https://rg.cnpmjs.org/json-parse-better-errors/download/json-parse-better-errors-1.0.2.tgz"
  integrity sha1-u4Z8+zRQ5pEHwTHRxRS6s9yLyqk=

jsonfile@^6.0.1:
  version "6.1.0"
  resolved "https://r.cnpmjs.org/jsonfile/download/jsonfile-6.1.0.tgz"
  integrity sha1-vFWyY0eTxnnsZAMJTrE2mKbsCq4=
  dependencies:
    universalify "^2.0.0"
  optionalDependencies:
    graceful-fs "^4.1.6"

load-json-file@^4.0.0:
  version "4.0.0"
  resolved "https://rg.cnpmjs.org/load-json-file/download/load-json-file-4.0.0.tgz"
  integrity sha1-L19Fq5HjMhYjT9U62rZo607AmTs=
  dependencies:
    graceful-fs "^4.1.2"
    parse-json "^4.0.0"
    pify "^3.0.0"
    strip-bom "^3.0.0"

locate-path@^2.0.0:
  version "2.0.0"
  resolved "https://rg.cnpmjs.org/locate-path/download/locate-path-2.0.0.tgz"
  integrity sha1-K1aLJl7slExtnA3pw9u7ygNUzY4=
  dependencies:
    p-locate "^2.0.0"
    path-exists "^3.0.0"

lodash@^4.17.21:
  version "4.17.21"
  resolved "https://r.cnpmjs.org/lodash/download/lodash-4.17.21.tgz"
  integrity sha1-Z5WRxWTDv/quhFTPCz3zcMPWkRw=

log-symbols@^4.1.0:
  version "4.1.0"
  resolved "https://rg.cnpmjs.org/log-symbols/download/log-symbols-4.1.0.tgz"
  integrity sha1-P727lbRoOsn8eFER55LlWNSr1QM=
  dependencies:
    chalk "^4.1.0"
    is-unicode-supported "^0.1.0"

loud-rejection@^1.0.0:
  version "1.6.0"
  resolved "https://rg.cnpmjs.org/loud-rejection/download/loud-rejection-1.6.0.tgz"
  integrity sha1-W0b4AUft7leIcPCG0Eghz5mOVR8=
  dependencies:
    currently-unhandled "^0.4.1"
    signal-exit "^3.0.0"

map-obj@^1.0.0:
  version "1.0.1"
  resolved "https://rg.cnpmjs.org/map-obj/download/map-obj-1.0.1.tgz"
  integrity sha1-2TPOuSBdgr3PSIb2dCvcK03qFG0=

map-obj@^2.0.0:
  version "2.0.0"
  resolved "https://rg.cnpmjs.org/map-obj/download/map-obj-2.0.0.tgz"
  integrity sha1-plzSkIepJZi4eRJXpSPgISIqwfk=

meow@^4.0.0:
  version "4.0.1"
  resolved "https://rg.cnpmjs.org/meow/download/meow-4.0.1.tgz"
  integrity sha1-1IWY9vSxRy81v2MXqVlFrONH+XU=
  dependencies:
    camelcase-keys "^4.0.0"
    decamelize-keys "^1.0.0"
    loud-rejection "^1.0.0"
    minimist "^1.1.3"
    minimist-options "^3.0.1"
    normalize-package-data "^2.3.4"
    read-pkg-up "^3.0.0"
    redent "^2.0.0"
    trim-newlines "^2.0.0"

mimic-fn@^2.1.0:
  version "2.1.0"
  resolved "https://rg.cnpmjs.org/mimic-fn/download/mimic-fn-2.1.0.tgz"
  integrity sha1-ftLCzMyvhNP/y3pptXcR/CCDQBs=

minimist-options@^3.0.1:
  version "3.0.2"
  resolved "https://rg.cnpmjs.org/minimist-options/download/minimist-options-3.0.2.tgz"
  integrity sha1-+6TIGRM54T7PTWG+sD8HAQPz2VQ=
  dependencies:
    arrify "^1.0.1"
    is-plain-obj "^1.1.0"

minimist@^1.1.3:
  version "1.2.5"
  resolved "https://r.cnpmjs.org/minimist/download/minimist-1.2.5.tgz"
  integrity sha1-Z9ZgFLZqaoqqDAg8X9WN9OTpdgI=

mute-stream@0.0.8:
  version "0.0.8"
  resolved "https://rg.cnpmjs.org/mute-stream/download/mute-stream-0.0.8.tgz"
  integrity sha1-FjDEKyJR/4HiooPelqVJfqkuXg0=

normalize-package-data@^2.3.2, normalize-package-data@^2.3.4:
  version "2.5.0"
  resolved "https://rg.cnpmjs.org/normalize-package-data/download/normalize-package-data-2.5.0.tgz"
  integrity sha1-5m2xg4sgDB38IzIl0SyzZSDiNKg=
  dependencies:
    hosted-git-info "^2.1.4"
    resolve "^1.10.0"
    semver "2 || 3 || 4 || 5"
    validate-npm-package-license "^3.0.1"

onetime@^5.1.0:
  version "5.1.2"
  resolved "https://rg.cnpmjs.org/onetime/download/onetime-5.1.2.tgz"
  integrity sha1-0Oluu1awdHbfHdnEgG5SN5hcpF4=
  dependencies:
    mimic-fn "^2.1.0"

ora@^5.4.1:
  version "5.4.1"
  resolved "https://rg.cnpmjs.org/ora/download/ora-5.4.1.tgz"
  integrity sha1-GyZ4Qmr0rEpQkAjl5KyemVnbnhg=
  dependencies:
    bl "^4.1.0"
    chalk "^4.1.0"
    cli-cursor "^3.1.0"
    cli-spinners "^2.5.0"
    is-interactive "^1.0.0"
    is-unicode-supported "^0.1.0"
    log-symbols "^4.1.0"
    strip-ansi "^6.0.0"
    wcwidth "^1.0.1"

os-tmpdir@~1.0.2:
  version "1.0.2"
  resolved "https://rg.cnpmjs.org/os-tmpdir/download/os-tmpdir-1.0.2.tgz"
  integrity sha1-u+Z0BseaqFxc/sdm/lc0VV36EnQ=

p-limit@^1.1.0:
  version "1.3.0"
  resolved "https://rg.cnpmjs.org/p-limit/download/p-limit-1.3.0.tgz"
  integrity sha1-uGvV8MJWkJEcdZD8v8IBDVSzzLg=
  dependencies:
    p-try "^1.0.0"

p-locate@^2.0.0:
  version "2.0.0"
  resolved "https://rg.cnpmjs.org/p-locate/download/p-locate-2.0.0.tgz"
  integrity sha1-IKAQOyIqcMj9OcwuWAaA893l7EM=
  dependencies:
    p-limit "^1.1.0"

p-try@^1.0.0:
  version "1.0.0"
  resolved "https://rg.cnpmjs.org/p-try/download/p-try-1.0.0.tgz"
  integrity sha1-y8ec26+P1CKOE/Yh8rGiN8GyB7M=

parse-json@^4.0.0:
  version "4.0.0"
  resolved "https://rg.cnpmjs.org/parse-json/download/parse-json-4.0.0.tgz"
  integrity sha1-vjX1Qlvh9/bHRxhPmKeIy5lHfuA=
  dependencies:
    error-ex "^1.3.1"
    json-parse-better-errors "^1.0.1"

path-exists@^3.0.0:
  version "3.0.0"
  resolved "https://rg.cnpmjs.org/path-exists/download/path-exists-3.0.0.tgz"
  integrity sha1-zg6+ql94yxiSXqfYENe1mwEP1RU=

path-parse@^1.0.6:
  version "1.0.7"
  resolved "https://rg.cnpmjs.org/path-parse/download/path-parse-1.0.7.tgz"
  integrity sha1-+8EUtgykKzDZ2vWFjkvWi77bZzU=

path-type@^3.0.0:
  version "3.0.0"
  resolved "https://rg.cnpmjs.org/path-type/download/path-type-3.0.0.tgz"
  integrity sha1-zvMdyOCho7sNEFwM2Xzzv0f0428=
  dependencies:
    pify "^3.0.0"

pify@^3.0.0:
  version "3.0.0"
  resolved "https://r.cnpmjs.org/pify/download/pify-3.0.0.tgz"
  integrity sha1-5aSs0sEB/fPZpNB/DbxNtJ3SgXY=

quick-lru@^1.0.0:
  version "1.1.0"
  resolved "https://rg.cnpmjs.org/quick-lru/download/quick-lru-1.1.0.tgz"
  integrity sha1-Q2CxfGETatOAeDl/8RQW4Ybc+7g=

read-pkg-up@^3.0.0:
  version "3.0.0"
  resolved "https://rg.cnpmjs.org/read-pkg-up/download/read-pkg-up-3.0.0.tgz"
  integrity sha1-PtSWaF26D4/hGNBpHcUfSh/5bwc=
  dependencies:
    find-up "^2.0.0"
    read-pkg "^3.0.0"

read-pkg@^3.0.0:
  version "3.0.0"
  resolved "https://rg.cnpmjs.org/read-pkg/download/read-pkg-3.0.0.tgz"
  integrity sha1-nLxoaXj+5l0WwA4rGcI3/Pbjg4k=
  dependencies:
    load-json-file "^4.0.0"
    normalize-package-data "^2.3.2"
    path-type "^3.0.0"

readable-stream@^3.4.0:
  version "3.6.0"
  resolved "https://r.cnpmjs.org/readable-stream/download/readable-stream-3.6.0.tgz"
  integrity sha1-M3u9o63AcGvT4CRCaihtS0sskZg=
  dependencies:
    inherits "^2.0.3"
    string_decoder "^1.1.1"
    util-deprecate "^1.0.1"

redent@^2.0.0:
  version "2.0.0"
  resolved "https://rg.cnpmjs.org/redent/download/redent-2.0.0.tgz"
  integrity sha1-wbIAe0LVfrE4kHmzyDM2OdXhzKo=
  dependencies:
    indent-string "^3.0.0"
    strip-indent "^2.0.0"

resolve@^1.10.0:
  version "1.20.0"
  resolved "https://rg.cnpmjs.org/resolve/download/resolve-1.20.0.tgz"
  integrity sha1-YpoBP7P3B1XW8LeTXMHCxTeLGXU=
  dependencies:
    is-core-module "^2.2.0"
    path-parse "^1.0.6"

restore-cursor@^3.1.0:
  version "3.1.0"
  resolved "https://rg.cnpmjs.org/restore-cursor/download/restore-cursor-3.1.0.tgz"
  integrity sha1-OfZ8VLOnpYzqUjbZXPADQjljH34=
  dependencies:
    onetime "^5.1.0"
    signal-exit "^3.0.2"

run-async@^2.4.0:
  version "2.4.1"
  resolved "https://rg.cnpmjs.org/run-async/download/run-async-2.4.1.tgz"
  integrity sha1-hEDsz5nqPnC9QJ1JqriOEMGJpFU=

rxjs@^7.2.0:
  version "7.4.0"
  resolved "https://rg.cnpmjs.org/rxjs/download/rxjs-7.4.0.tgz"
  integrity sha1-oSpE1+6/AW9f8kQbh/KMmlHOvGg=
  dependencies:
    tslib "~2.1.0"

safe-buffer@~5.2.0:
  version "5.2.1"
  resolved "https://r.cnpmjs.org/safe-buffer/download/safe-buffer-5.2.1.tgz"
  integrity sha1-Hq+fqb2x/dTsdfWPnNtOa3gn7sY=

"safer-buffer@>= 2.1.2 < 3":
  version "2.1.2"
  resolved "https://rg.cnpmjs.org/safer-buffer/download/safer-buffer-2.1.2.tgz"
  integrity sha1-RPoWGwGHuVSd2Eu5GAL5vYOFzWo=

"semver@2 || 3 || 4 || 5":
  version "5.7.1"
  resolved "https://r.cnpmjs.org/semver/download/semver-5.7.1.tgz"
  integrity sha1-qVT5Ma66UI0we78Gnv8MAclhFvc=

signal-exit@^3.0.0, signal-exit@^3.0.2:
  version "3.0.6"
  resolved "https://rg.cnpmjs.org/signal-exit/download/signal-exit-3.0.6.tgz"
  integrity sha512-sDl4qMFpijcGw22U5w63KmD3cZJfBuFlVNbVMKje2keoKML7X2UzWbc4XrmEbDwg0NXJc3yv4/ox7b+JWb57kQ==

spdx-correct@^3.0.0:
  version "3.1.1"
  resolved "https://rg.cnpmjs.org/spdx-correct/download/spdx-correct-3.1.1.tgz"
  integrity sha1-3s6BrJweZxPl99G28X1Gj6U9iak=
  dependencies:
    spdx-expression-parse "^3.0.0"
    spdx-license-ids "^3.0.0"

spdx-exceptions@^2.1.0:
  version "2.3.0"
  resolved "https://rg.cnpmjs.org/spdx-exceptions/download/spdx-exceptions-2.3.0.tgz"
  integrity sha1-PyjOGnegA3JoPq3kpDMYNSeiFj0=

spdx-expression-parse@^3.0.0:
  version "3.0.1"
  resolved "https://rg.cnpmjs.org/spdx-expression-parse/download/spdx-expression-parse-3.0.1.tgz"
  integrity sha1-z3D1BILu/cmOPOCmgz5KU87rpnk=
  dependencies:
    spdx-exceptions "^2.1.0"
    spdx-license-ids "^3.0.0"

spdx-license-ids@^3.0.0:
  version "3.0.11"
  resolved "https://rg.cnpmjs.org/spdx-license-ids/download/spdx-license-ids-3.0.11.tgz"
  integrity sha512-Ctl2BrFiM0X3MANYgj3CkygxhRmr9mi6xhejbdO960nF6EDJApTYpn0BQnDKlnNBULKiCN1n3w9EBkHK8ZWg+g==

string-width@^4.1.0:
  version "4.2.3"
  resolved "https://r.cnpmjs.org/string-width/download/string-width-4.2.3.tgz"
  integrity sha1-JpxxF9J7Ba0uU2gwqOyJXvnG0BA=
  dependencies:
    emoji-regex "^8.0.0"
    is-fullwidth-code-point "^3.0.0"
    strip-ansi "^6.0.1"

string_decoder@^1.1.1:
  version "1.3.0"
  resolved "https://r.cnpmjs.org/string_decoder/download/string_decoder-1.3.0.tgz"
  integrity sha1-QvEUWUpGzxqOMLCoT1bHjD7awh4=
  dependencies:
    safe-buffer "~5.2.0"

strip-ansi@^6.0.0, strip-ansi@^6.0.1:
  version "6.0.1"
  resolved "https://r.cnpmjs.org/strip-ansi/download/strip-ansi-6.0.1.tgz"
  integrity sha1-nibGPTD1NEPpSJSVshBdN7Z6hdk=
  dependencies:
    ansi-regex "^5.0.1"

strip-bom@^3.0.0:
  version "3.0.0"
  resolved "https://rg.cnpmjs.org/strip-bom/download/strip-bom-3.0.0.tgz"
  integrity sha1-IzTBjpx1n3vdVv3vfprj1YjmjtM=

strip-indent@^2.0.0:
  version "2.0.0"
  resolved "https://rg.cnpmjs.org/strip-indent/download/strip-indent-2.0.0.tgz"
  integrity sha1-XvjbKV0B5u1sv3qrlpmNeCJSe2g=

supports-color@^5.3.0:
  version "5.5.0"
  resolved "https://r.cnpmjs.org/supports-color/download/supports-color-5.5.0.tgz"
  integrity sha1-4uaaRKyHcveKHsCzW2id9lMO/I8=
  dependencies:
    has-flag "^3.0.0"

supports-color@^7.1.0:
  version "7.2.0"
  resolved "https://r.cnpmjs.org/supports-color/download/supports-color-7.2.0.tgz"
  integrity sha1-G33NyzK4E4gBs+R4umpRyqiWSNo=
  dependencies:
    has-flag "^4.0.0"

through@^2.3.6:
  version "2.3.8"
  resolved "https://rg.cnpmjs.org/through/download/through-2.3.8.tgz"
  integrity sha1-DdTJ/6q8NXlgsbckEV1+Doai4fU=

tinycolor2@^1.0.0:
  version "1.4.2"
  resolved "https://rg.cnpmjs.org/tinycolor2/download/tinycolor2-1.4.2.tgz"
  integrity sha1-P2pNEHGtB2dtf6Ry4frECnGdiAM=

tinygradient@^0.4.1:
  version "0.4.3"
  resolved "https://rg.cnpmjs.org/tinygradient/download/tinygradient-0.4.3.tgz"
  integrity sha1-Co395W+IZd7sTENaUb1bDA3sWfo=
  dependencies:
    "@types/tinycolor2" "^1.4.0"
    tinycolor2 "^1.0.0"

tmp@^0.0.33:
  version "0.0.33"
  resolved "https://rg.cnpmjs.org/tmp/download/tmp-0.0.33.tgz"
  integrity sha1-bTQzWIl2jSGyvNoKonfO07G/rfk=
  dependencies:
    os-tmpdir "~1.0.2"

trim-newlines@^2.0.0:
  version "2.0.0"
  resolved "https://rg.cnpmjs.org/trim-newlines/download/trim-newlines-2.0.0.tgz"
  integrity sha1-tAPQuRvlDDMd/EuC7s6yLD3hbSA=

tslib@~2.1.0:
  version "2.1.0"
  resolved "https://rg.cnpmjs.org/tslib/download/tslib-2.1.0.tgz"
  integrity sha1-2mCGDxwuyqVwOrfTm8Bba/mIuXo=

type-fest@^0.21.3:
  version "0.21.3"
  resolved "https://rg.cnpmjs.org/type-fest/download/type-fest-0.21.3.tgz"
  integrity sha1-0mCiSwGYQ24TP6JqUkptZfo7Ljc=

universalify@^2.0.0:
  version "2.0.0"
  resolved "https://r.cnpmjs.org/universalify/download/universalify-2.0.0.tgz"
  integrity sha1-daSYTv7cSwiXXFrrc/Uw0C3yVxc=

util-deprecate@^1.0.1:
  version "1.0.2"
  resolved "https://r.cnpmjs.org/util-deprecate/download/util-deprecate-1.0.2.tgz"
  integrity sha1-RQ1Nyfpw3nMnYvvS1KKJgUGaDM8=

validate-npm-package-license@^3.0.1:
  version "3.0.4"
  resolved "https://rg.cnpmjs.org/validate-npm-package-license/download/validate-npm-package-license-3.0.4.tgz"
  integrity sha1-/JH2uce6FchX9MssXe/uw51PQQo=
  dependencies:
    spdx-correct "^3.0.0"
    spdx-expression-parse "^3.0.0"

wcwidth@^1.0.1:
  version "1.0.1"
  resolved "https://rg.cnpmjs.org/wcwidth/download/wcwidth-1.0.1.tgz"
  integrity sha1-8LDc+RW8X/FSivrbLA4XtTLaL+g=
  dependencies:
    defaults "^1.0.3"
